
Microsoft Visual Studio Solution File, Format Version 12.00
# Visual Studio Version 16
VisualStudioVersion = 16.0.32002.261
MinimumVisualStudioVersion = 10.0.40219.1
Project("{FAE04EC0-301F-11D3-BF4B-00C04F79EFBC}") = "DIO_HERO_HERANCA", "DIO_HERO_HERANCA\DIO_HERO_HERANCA.csproj", "{B861A70E-281A-4CE4-A153-037F9FE376A7}"
EndProject
Global
	GlobalSection(SolutionConfigurationPlatforms) = preSolution
		Debug|Any CPU = Debug|Any CPU
		Release|Any CPU = Release|Any CPU
	EndGlobalSection
	GlobalSection(ProjectConfigurationPlatforms) = postSolution
		{B861A70E-281A-4CE4-A153-037F9FE376A7}.Debug|Any CPU.ActiveCfg = Debug|Any CPU
		{B861A70E-281A-4CE4-A153-037F9FE376A7}.Debug|Any CPU.Build.0 = Debug|Any CPU
		{B861A70E-281A-4CE4-A153-037F9FE376A7}.Release|Any CPU.ActiveCfg = Release|Any CPU
		{B861A70E-281A-4CE4-A153-037F9FE376A7}.Release|Any CPU.Build.0 = Release|Any CPU
	EndGlobalSection
	GlobalSection(SolutionProperties) = preSolution
		HideSolutionNode = FALSE
	EndGlobalSection
	GlobalSection(ExtensibilityGlobals) = postSolution
		SolutionGuid = {060A3884-9C9E-450E-B78E-74476335C626}
	EndGlobalSection
EndGlobal
